{
  "version": 4,
  "terraform_version": "1.11.4",
  "serial": 42,
  "lineage": "e8ae692b-3a94-afa0-c270-fdfa251ae138",
  "outputs": {
    "server_ip": {
      "value": "104.131.175.177",
      "type": "string"
    }
  },
  "resources": [
    {
      "mode": "managed",
      "type": "digitalocean_droplet",
      "name": "mern_server",
      "provider": "provider[\"registry.terraform.io/digitalocean/digitalocean\"]",
      "instances": [
        {
          "schema_version": 1,
          "attributes": {
            "backup_policy": [],
            "backups": false,
            "created_at": "2025-04-22T22:51:23Z",
            "disk": 50,
            "droplet_agent": null,
            "graceful_shutdown": false,
            "id": "490950569",
            "image": "ubuntu-22-04-x64",
            "ipv4_address": "104.131.175.177",
            "ipv4_address_private": "10.108.0.3",
            "ipv6": false,
            "ipv6_address": "",
            "locked": false,
            "memory": 2048,
            "monitoring": false,
            "name": "mern-droplet",
            "price_hourly": 0.01786,
            "price_monthly": 12,
            "private_networking": true,
            "region": "nyc3",
            "resize_disk": true,
            "size": "s-1vcpu-2gb",
            "ssh_keys": [
              "46955430",
              "46965293"
            ],
            "status": "active",
            "tags": [],
            "timeouts": null,
            "urn": "do:droplet:490950569",
            "user_data": "23f8df6a22c7ca8828b025a16c7ed84556592a78",
            "vcpus": 1,
            "volume_ids": [],
            "vpc_uuid": "92ac7892-9418-453a-b7d3-d8aed796d742"
          },
          "sensitive_attributes": [],
          "private": "eyJlMmJmYjczMC1lY2FhLTExZTYtOGY4OC0zNDM2M2JjN2M0YzAiOnsiY3JlYXRlIjozNjAwMDAwMDAwMDAwLCJkZWxldGUiOjYwMDAwMDAwMDAwLCJ1cGRhdGUiOjM2MDAwMDAwMDAwMDB9LCJzY2hlbWFfdmVyc2lvbiI6IjEifQ==",
          "dependencies": [
            "digitalocean_ssh_key.deployer",
            "digitalocean_ssh_key.my_key",
            "tls_private_key.ssh_key"
          ]
        }
      ]
    },
    {
      "mode": "managed",
      "type": "digitalocean_firewall",
      "name": "mern_firewall",
      "provider": "provider[\"registry.terraform.io/digitalocean/digitalocean\"]",
      "instances": [
        {
          "schema_version": 0,
          "attributes": {
            "created_at": "2025-04-22T16:23:50Z",
            "droplet_ids": [
              490950569
            ],
            "id": "e9d8a77c-a63b-42f1-9f96-e47f1307a141",
            "inbound_rule": [
              {
                "port_range": "22",
                "protocol": "tcp",
                "source_addresses": [
                  "0.0.0.0/0"
                ],
                "source_droplet_ids": [],
                "source_kubernetes_ids": [],
                "source_load_balancer_uids": [],
                "source_tags": []
              },
              {
                "port_range": "27017",
                "protocol": "tcp",
                "source_addresses": [
                  "0.0.0.0/0"
                ],
                "source_droplet_ids": [],
                "source_kubernetes_ids": [],
                "source_load_balancer_uids": [],
                "source_tags": []
              },
              {
                "port_range": "443",
                "protocol": "tcp",
                "source_addresses": [
                  "0.0.0.0/0"
                ],
                "source_droplet_ids": [],
                "source_kubernetes_ids": [],
                "source_load_balancer_uids": [],
                "source_tags": []
              },
              {
                "port_range": "80",
                "protocol": "tcp",
                "source_addresses": [
                  "0.0.0.0/0"
                ],
                "source_droplet_ids": [],
                "source_kubernetes_ids": [],
                "source_load_balancer_uids": [],
                "source_tags": []
              }
            ],
            "name": "mern-firewall",
            "outbound_rule": [
              {
                "destination_addresses": [
                  "0.0.0.0/0"
                ],
                "destination_droplet_ids": [],
                "destination_kubernetes_ids": [],
                "destination_load_balancer_uids": [],
                "destination_tags": [],
                "port_range": "all",
                "protocol": "tcp"
              }
            ],
            "pending_changes": [],
            "status": "succeeded",
            "tags": []
          },
          "sensitive_attributes": [],
          "private": "bnVsbA==",
          "dependencies": [
            "digitalocean_droplet.mern_server",
            "digitalocean_ssh_key.deployer",
            "digitalocean_ssh_key.my_key",
            "tls_private_key.ssh_key"
          ]
        }
      ]
    },
    {
      "mode": "managed",
      "type": "digitalocean_ssh_key",
      "name": "deployer",
      "provider": "provider[\"registry.terraform.io/digitalocean/digitalocean\"]",
      "instances": [
        {
          "schema_version": 0,
          "attributes": {
            "fingerprint": "bf:1f:ed:35:cb:21:35:0f:78:50:f4:2e:db:ae:b0:64",
            "id": "46955430",
            "name": "Terraform SSH Key",
            "public_key": "ssh-rsa AAAAB3NzaC1yc2EAAAADAQABAAABAQDoIPIoxSxVTaMEnUUJdUkmVv4/EBj+xXKPX3cNivM06foHPc977sMKhDCzX/COlRUMEKAglGgWvapKw39a5Y1nhClY5CkYFyjbrTOE0Di8UzpEQWlFDSRw3L4amuE7JR4biDrFT1iK+7qsaVDFm6/YImn43t0bP9/FysCFd3wZXS5/OSDni80Pwf5zv3gyibPbsdC9VrdTmX/rO6S7bhLhIJ+oPwTKYBBnxhlrJLHVKAga3shOe71NhKA8J0my1KtoR1nz5jBkGK+kK+dx4mmzhUx2rZ+jD1w4dJ5l0XNyUoGDXtndMd3FYc0tfD6EkHI55vj/C17h/OkMwkg0H761\n",
            "timeouts": null
          },
          "sensitive_attributes": [],
          "private": "eyJlMmJmYjczMC1lY2FhLTExZTYtOGY4OC0zNDM2M2JjN2M0YzAiOnsiY3JlYXRlIjoxMjAwMDAwMDAwMDB9fQ==",
          "dependencies": [
            "tls_private_key.ssh_key"
          ]
        }
      ]
    },
    {
      "mode": "managed",
      "type": "digitalocean_ssh_key",
      "name": "my_key",
      "provider": "provider[\"registry.terraform.io/digitalocean/digitalocean\"]",
      "instances": [
        {
          "schema_version": 0,
          "attributes": {
            "fingerprint": "72:7f:e8:d7:d5:1c:4e:05:cf:b7:1f:41:a3:6d:93:74",
            "id": "46965293",
            "name": "autoexpress-key",
            "public_key": "ssh-rsa AAAAB3NzaC1yc2EAAAADAQABAAABgQDbdGDYH0W5DCXE18fAi4Gz29Ub32wXPgHKp3rjb5s1iKnQMw+8NBvDb7Se5rlZXalwgnTUmrdq7p2PiqKplwL0/VE8uBIeR2lPwQytoVGtj60dx9hiuDbZb/iFT4V+HJz+x21CQeRWNo7mKlpyCqKtTzlN0jvYbFdnHhDmAMp6IHv87QefSem9TCotaA40eICiE7Y/PPyynIiHLAMHoAy9VDjQ43ZqtmFSP17vvzBH+6YveCgjBQfEbtR4uKrPL2piQt2vcdZ4UhQrj5rBH/Wqrv6yg3OXXw27dkL7j2KEv3RYtZuL+b8PzFs2XRLDoWMc45IZuOtO4hD9MY/BQwRX5nipyREp45BZOVov4jzebrAEoe4hS6GII2YR/bwU4rSceUcZv4srKyLOlEUWUjsp32pNJl/u688p4SKfsmhbGI9AkBwGu24IoTGpbxUfaLMmSPdyMWAQ6zGhNrb57z54VzrxP6kKcYo91bpVAwW12Ah7pBeq+b46435wSpPX/0s= student@102928PC\n",
            "timeouts": null
          },
          "sensitive_attributes": [],
          "private": "eyJlMmJmYjczMC1lY2FhLTExZTYtOGY4OC0zNDM2M2JjN2M0YzAiOnsiY3JlYXRlIjoxMjAwMDAwMDAwMDB9fQ=="
        }
      ]
    },
    {
      "mode": "managed",
      "type": "local_file",
      "name": "ansible_inventory",
      "provider": "provider[\"registry.terraform.io/hashicorp/local\"]",
      "instances": [
        {
          "schema_version": 0,
          "attributes": {
            "content": "[droplets]\nmy_droplet ansible_host=104.131.175.177 ansible_user=root ansible_ssh_private_key_file=~/.ssh/id_rsa\n",
            "content_base64": null,
            "content_base64sha256": "ZLTcnNH9SNOKhwDeow6JL9A7GJrCkRxE817m5AAkQ8o=",
            "content_base64sha512": "MOwY6YZfTnUdqHCh5Us6tZkhQ2YF+Xg6pxT0pY+Ul+V0WONaIoWl4tMkDtUJWm3QyQk8XfO7HNIV9IzwBEi1Kw==",
            "content_md5": "df2967374b2841b5f55c685b84a94577",
            "content_sha1": "d400d21ac3cdc4bb950bea997d654062b871d85a",
            "content_sha256": "64b4dc9cd1fd48d38a8700dea30e892fd03b189ac2911c44f35ee6e4002443ca",
            "content_sha512": "30ec18e9865f4e751da870a1e54b3ab59921436605f9783aa714f4a58f9497e57458e35a2285a5e2d3240ed5095a6dd0c9093c5df3bb1cd215f48cf00448b52b",
            "directory_permission": "0777",
            "file_permission": "0777",
            "filename": "./ansible/inventory.ini",
            "id": "d400d21ac3cdc4bb950bea997d654062b871d85a",
            "sensitive_content": null,
            "source": null
          },
          "sensitive_attributes": [
            [
              {
                "type": "get_attr",
                "value": "sensitive_content"
              }
            ]
          ],
          "dependencies": [
            "digitalocean_droplet.mern_server",
            "digitalocean_ssh_key.deployer",
            "digitalocean_ssh_key.my_key",
            "tls_private_key.ssh_key"
          ]
        }
      ]
    },
    {
      "mode": "managed",
      "type": "null_resource",
      "name": "ansible_provision",
      "provider": "provider[\"registry.terraform.io/hashicorp/null\"]",
      "instances": [
        {
          "status": "tainted",
          "schema_version": 0,
          "attributes": {
            "id": "2994562948665041286",
            "triggers": null
          },
          "sensitive_attributes": [],
          "dependencies": [
            "digitalocean_droplet.mern_server",
            "digitalocean_ssh_key.deployer",
            "digitalocean_ssh_key.my_key",
            "local_file.ansible_inventory",
            "tls_private_key.ssh_key"
          ]
        }
      ]
    },
    {
      "mode": "managed",
      "type": "tls_private_key",
      "name": "ssh_key",
      "provider": "provider[\"registry.terraform.io/hashicorp/tls\"]",
      "instances": [
        {
          "schema_version": 1,
          "attributes": {
            "algorithm": "RSA",
            "ecdsa_curve": "P224",
            "id": "c976e22250b909c9440da09f6c6b7a4eabdcca7d",
            "private_key_openssh": "-----BEGIN OPENSSH PRIVATE KEY-----\nb3BlbnNzaC1rZXktdjEAAAAABG5vbmUAAAAEbm9uZQAAAAAAAAABAAABFwAAAAdz\nc2gtcnNhAAAAAwEAAQAAAQEA6CDyKMUsVU2jBJ1FCXVJJlb+PxAY/sVyj193DYrz\nNOn6Bz3Pe+7DCoQws1/wjpUVDBCgIJRoFr2qSsN/WuWNZ4QpWOQpGBco260zhNA4\nvFM6REFpRQ0kcNy+GprhOyUeG4g6xU9Yivu6rGlQxZuv2CJp+N7dGz/fxcrAhXd8\nGV0ufzkg54vND8H+c794Momz27HQvVa3U5l/6zuku24S4SCfqD8EymAQZ8YZaySx\n1SgIGt7ITnu9TYSgPCdJstSraEdZ8+YwZBivpCvnceJps4VMdq2fow9cOHSeZdFz\nclKBg17Z3THdxWHNLXw+hJByOeb4/wte4fzpDMJINB++tQAAA7gCN2DHAjdgxwAA\nAAdzc2gtcnNhAAABAQDoIPIoxSxVTaMEnUUJdUkmVv4/EBj+xXKPX3cNivM06foH\nPc977sMKhDCzX/COlRUMEKAglGgWvapKw39a5Y1nhClY5CkYFyjbrTOE0Di8UzpE\nQWlFDSRw3L4amuE7JR4biDrFT1iK+7qsaVDFm6/YImn43t0bP9/FysCFd3wZXS5/\nOSDni80Pwf5zv3gyibPbsdC9VrdTmX/rO6S7bhLhIJ+oPwTKYBBnxhlrJLHVKAga\n3shOe71NhKA8J0my1KtoR1nz5jBkGK+kK+dx4mmzhUx2rZ+jD1w4dJ5l0XNyUoGD\nXtndMd3FYc0tfD6EkHI55vj/C17h/OkMwkg0H761AAAAAwEAAQAAAQASRsXKP/wF\nm19Cdb+BxyJDSoYqIPJW3OTwNOwCvPX5LJLrDwrPDzV8FnxfIyalk0dc89InvoeT\ngsttp4bXeUtw4w7+WLiDlQ86fKCZzGsrKMJlrWDEdwxvdnHhVmB1b663LDq0XlLy\nXm+MM56QcHmf4tXFKobuJlFQGW6fE5FJzc32zRZGT31OOCfUVHpHbHy4dXvyi4ou\nvdGp7+ySoWst3RJMB1xHNR02cPPdRGMMICgT3+wVe6w5iOBw9JQAzti8DBHuzbJ1\nPqFX5J/ydjk9tVjaRN/S3l/CC/FXAZnCDkug5QBDVcE+68r0bg4zE8Ck3vhZ2VXC\nWWLQn7DfzEkBAAAAgBEKkoSDgHZcnga+1oxO3yLmo2v17viQvMkfHx1SiaMliuxH\nPnDge/mCZCv9ujl75yaDvd8F+fTDrG8TlvJg5AO5epMB4wAnRahvqCj7scyf3UvQ\nN9S6BziIG6VLn1SJD4L+iRT0miML5v09ab9528Ap/4lTxKXG8aUjWatowN0QAAAA\ngQD+vs5ybqgrtDdj3/JiPJUDF4w5/mL3sjfRyzo+VGus9JOnVuCJS4vlLtELM3C7\n+DGctvYJC3AD4SDYffbn+YJysZt+j7U6N6KJX3ugXscUx4rfZJqV9RMUTMGc8Dai\nmDzCAjnRmpdxOQ5S5cC3gM132GxMd1ebyOpPFoFYeBl52QAAAIEA6UWfnTyr4pAO\n3jl9xmMqEPeiZLwzBJPjDJlgutCvKHC0puYfwdFQk247ltbY2z7WdYJ4bTuETASL\nxN+tKLM57yTFW9garDRYc7ynKClsgyn27OQllpdzngbm1NxBeb/jD1JHgUw6JasI\nxH1DiIvNHOFMxX59aAZ194fKlg+Dpj0AAAAAAQID\n-----END OPENSSH PRIVATE KEY-----\n",
            "private_key_pem": "-----BEGIN RSA PRIVATE KEY-----\nMIIEogIBAAKCAQEA6CDyKMUsVU2jBJ1FCXVJJlb+PxAY/sVyj193DYrzNOn6Bz3P\ne+7DCoQws1/wjpUVDBCgIJRoFr2qSsN/WuWNZ4QpWOQpGBco260zhNA4vFM6REFp\nRQ0kcNy+GprhOyUeG4g6xU9Yivu6rGlQxZuv2CJp+N7dGz/fxcrAhXd8GV0ufzkg\n54vND8H+c794Momz27HQvVa3U5l/6zuku24S4SCfqD8EymAQZ8YZaySx1SgIGt7I\nTnu9TYSgPCdJstSraEdZ8+YwZBivpCvnceJps4VMdq2fow9cOHSeZdFzclKBg17Z\n3THdxWHNLXw+hJByOeb4/wte4fzpDMJINB++tQIDAQABAoIBABJGxco//AWbX0J1\nv4HHIkNKhiog8lbc5PA07AK89fkskusPCs8PNXwWfF8jJqWTR1zz0ie+h5OCy22n\nhtd5S3DjDv5YuIOVDzp8oJnMaysowmWtYMR3DG92ceFWYHVvrrcsOrReUvJeb4wz\nnpBweZ/i1cUqhu4mUVAZbp8TkUnNzfbNFkZPfU44J9RUekdsfLh1e/KLii690anv\n7JKhay3dEkwHXEc1HTZw891EYwwgKBPf7BV7rDmI4HD0lADO2LwMEe7NsnU+oVfk\nn/J2OT21WNpE39LeX8IL8VcBmcIOS6DlAENVwT7ryvRuDjMTwKTe+FnZVcJZYtCf\nsN/MSQECgYEA/r7Ocm6oK7Q3Y9/yYjyVAxeMOf5i97I30cs6PlRrrPSTp1bgiUuL\n5S7RCzNwu/gxnLb2CQtwA+Eg2H325/mCcrGbfo+1OjeiiV97oF7HFMeK32SalfUT\nFEzBnPA2opg8wgI50ZqXcTkOUuXAt4DNd9hsTHdXm8jqTxaBWHgZedkCgYEA6UWf\nnTyr4pAO3jl9xmMqEPeiZLwzBJPjDJlgutCvKHC0puYfwdFQk247ltbY2z7WdYJ4\nbTuETASLxN+tKLM57yTFW9garDRYc7ynKClsgyn27OQllpdzngbm1NxBeb/jD1JH\ngUw6JasIxH1DiIvNHOFMxX59aAZ194fKlg+Dpj0CgYB8lG99wuP3S5DzBOgSZrIw\n6ukmy2M24y8tKAf5x2tJD+rNoUz5l7p4gCa3JZbyNfR9QXSdA7zqCMT5WtDOrVTA\nJl92y2zDZcXVDJ721KLjZJpjmV2IDGwiN09QIqF1bqH39wKzoLiDJHX+0GEo3JKf\nE3YTByIPC3ia6NSkoUdEMQKBgBOBZt9W+2huc0/Rrtqv4AybKFEUC5AObaXYDWaR\nnJPdGL378BvczMgHJ6RtQqTSlEwvJLK9j0pr9uP3cBs/IVEF2hrb7x8HIX5MAA4z\nqIcvMx6L1TjKYTiNiy+xWyg7C1l0n9YH8bTEoG8Nql/4kKYhkLHS6dmQ8LxJ9n6l\nvXRhAoGAEQqShIOAdlyeBr7WjE7fIuaja/Xu+JC8yR8fHVKJoyWK7Ec+cOB7+YJk\nK/26OXvnJoO93wX59MOsbxOW8mDkA7l6kwHjACdFqG+oKPuxzJ/dS9A31LoHOIgb\npUufVIkPgv6JFPSaIwvm/T1pv3nbwCn/iVPEpcbxpSNZq2jA3RA=\n-----END RSA PRIVATE KEY-----\n",
            "private_key_pem_pkcs8": "-----BEGIN PRIVATE KEY-----\nMIIEvAIBADANBgkqhkiG9w0BAQEFAASCBKYwggSiAgEAAoIBAQDoIPIoxSxVTaME\nnUUJdUkmVv4/EBj+xXKPX3cNivM06foHPc977sMKhDCzX/COlRUMEKAglGgWvapK\nw39a5Y1nhClY5CkYFyjbrTOE0Di8UzpEQWlFDSRw3L4amuE7JR4biDrFT1iK+7qs\naVDFm6/YImn43t0bP9/FysCFd3wZXS5/OSDni80Pwf5zv3gyibPbsdC9VrdTmX/r\nO6S7bhLhIJ+oPwTKYBBnxhlrJLHVKAga3shOe71NhKA8J0my1KtoR1nz5jBkGK+k\nK+dx4mmzhUx2rZ+jD1w4dJ5l0XNyUoGDXtndMd3FYc0tfD6EkHI55vj/C17h/OkM\nwkg0H761AgMBAAECggEAEkbFyj/8BZtfQnW/gcciQ0qGKiDyVtzk8DTsArz1+SyS\n6w8Kzw81fBZ8XyMmpZNHXPPSJ76Hk4LLbaeG13lLcOMO/li4g5UPOnygmcxrKyjC\nZa1gxHcMb3Zx4VZgdW+utyw6tF5S8l5vjDOekHB5n+LVxSqG7iZRUBlunxORSc3N\n9s0WRk99Tjgn1FR6R2x8uHV78ouKLr3Rqe/skqFrLd0STAdcRzUdNnDz3URjDCAo\nE9/sFXusOYjgcPSUAM7YvAwR7s2ydT6hV+Sf8nY5PbVY2kTf0t5fwgvxVwGZwg5L\noOUAQ1XBPuvK9G4OMxPApN74WdlVwlli0J+w38xJAQKBgQD+vs5ybqgrtDdj3/Ji\nPJUDF4w5/mL3sjfRyzo+VGus9JOnVuCJS4vlLtELM3C7+DGctvYJC3AD4SDYffbn\n+YJysZt+j7U6N6KJX3ugXscUx4rfZJqV9RMUTMGc8DaimDzCAjnRmpdxOQ5S5cC3\ngM132GxMd1ebyOpPFoFYeBl52QKBgQDpRZ+dPKvikA7eOX3GYyoQ96JkvDMEk+MM\nmWC60K8ocLSm5h/B0VCTbjuW1tjbPtZ1gnhtO4RMBIvE360osznvJMVb2BqsNFhz\nvKcoKWyDKfbs5CWWl3OeBubU3EF5v+MPUkeBTDolqwjEfUOIi80c4UzFfn1oBnX3\nh8qWD4OmPQKBgHyUb33C4/dLkPME6BJmsjDq6SbLYzbjLy0oB/nHa0kP6s2hTPmX\nuniAJrcllvI19H1BdJ0DvOoIxPla0M6tVMAmX3bLbMNlxdUMnvbUouNkmmOZXYgM\nbCI3T1AioXVuoff3ArOguIMkdf7QYSjckp8TdhMHIg8LeJro1KShR0QxAoGAE4Fm\n31b7aG5zT9Gu2q/gDJsoURQLkA5tpdgNZpGck90YvfvwG9zMyAcnpG1CpNKUTC8k\nsr2PSmv24/dwGz8hUQXaGtvvHwchfkwADjOohy8zHovVOMphOI2LL7FbKDsLWXSf\n1gfxtMSgbw2qX/iQpiGQsdLp2ZDwvEn2fqW9dGECgYARCpKEg4B2XJ4GvtaMTt8i\n5qNr9e74kLzJHx8dUomjJYrsRz5w4Hv5gmQr/bo5e+cmg73fBfn0w6xvE5byYOQD\nuXqTAeMAJ0Wob6go+7HMn91L0DfUugc4iBulS59UiQ+C/okU9JojC+b9PWm/edvA\nKf+JU8SlxvGlI1mraMDdEA==\n-----END PRIVATE KEY-----\n",
            "public_key_fingerprint_md5": "bf:1f:ed:35:cb:21:35:0f:78:50:f4:2e:db:ae:b0:64",
            "public_key_fingerprint_sha256": "SHA256:y6qcIKGhRapTXfFKiReH02CCrcFAe3dtWA1EvPekFtk",
            "public_key_openssh": "ssh-rsa AAAAB3NzaC1yc2EAAAADAQABAAABAQDoIPIoxSxVTaMEnUUJdUkmVv4/EBj+xXKPX3cNivM06foHPc977sMKhDCzX/COlRUMEKAglGgWvapKw39a5Y1nhClY5CkYFyjbrTOE0Di8UzpEQWlFDSRw3L4amuE7JR4biDrFT1iK+7qsaVDFm6/YImn43t0bP9/FysCFd3wZXS5/OSDni80Pwf5zv3gyibPbsdC9VrdTmX/rO6S7bhLhIJ+oPwTKYBBnxhlrJLHVKAga3shOe71NhKA8J0my1KtoR1nz5jBkGK+kK+dx4mmzhUx2rZ+jD1w4dJ5l0XNyUoGDXtndMd3FYc0tfD6EkHI55vj/C17h/OkMwkg0H761\n",
            "public_key_pem": "-----BEGIN PUBLIC KEY-----\nMIIBIjANBgkqhkiG9w0BAQEFAAOCAQ8AMIIBCgKCAQEA6CDyKMUsVU2jBJ1FCXVJ\nJlb+PxAY/sVyj193DYrzNOn6Bz3Pe+7DCoQws1/wjpUVDBCgIJRoFr2qSsN/WuWN\nZ4QpWOQpGBco260zhNA4vFM6REFpRQ0kcNy+GprhOyUeG4g6xU9Yivu6rGlQxZuv\n2CJp+N7dGz/fxcrAhXd8GV0ufzkg54vND8H+c794Momz27HQvVa3U5l/6zuku24S\n4SCfqD8EymAQZ8YZaySx1SgIGt7ITnu9TYSgPCdJstSraEdZ8+YwZBivpCvnceJp\ns4VMdq2fow9cOHSeZdFzclKBg17Z3THdxWHNLXw+hJByOeb4/wte4fzpDMJINB++\ntQIDAQAB\n-----END PUBLIC KEY-----\n",
            "rsa_bits": 2048
          },
          "sensitive_attributes": [
            [
              {
                "type": "get_attr",
                "value": "private_key_openssh"
              }
            ],
            [
              {
                "type": "get_attr",
                "value": "private_key_pem_pkcs8"
              }
            ],
            [
              {
                "type": "get_attr",
                "value": "private_key_pem"
              }
            ]
          ]
        }
      ]
    }
  ],
  "check_results": null
}
